
Microsoft Visual Studio Solution File, Format Version 12.00
Project("{2150E333-8FDC-42A3-9474-1A3956D46DE8}") = "src", "src", "{7C6CA9F8-7154-464F-B60A-B7C38E63BFF5}"
EndProject
Project("{FAE04EC0-301F-11D3-BF4B-00C04F79EFBC}") = "Aden.WebUI", "src\Aden.WebUI\Aden.WebUI.csproj", "{0798A024-0E63-4093-8868-C56F157930B3}"
EndProject
Project("{FAE04EC0-301F-11D3-BF4B-00C04F79EFBC}") = "Aden.Application", "src\Aden.Application\Aden.Application.csproj", "{63D66623-B01D-460D-A569-9009A70BC459}"
EndProject
Project("{FAE04EC0-301F-11D3-BF4B-00C04F79EFBC}") = "Aden.Domain", "src\Aden.Domain\Aden.Domain.csproj", "{6AC0BF38-61D4-482F-B6A1-20B312CE9E71}"
EndProject
Project("{FAE04EC0-301F-11D3-BF4B-00C04F79EFBC}") = "Aden.Infrastructure", "src\Aden.Infrastructure\Aden.Infrastructure.csproj", "{AE2747D7-4434-4DC2-BAEB-DBEFD8EA99B9}"
EndProject
Project("{FAE04EC0-301F-11D3-BF4B-00C04F79EFBC}") = "Aden.SharedKernal", "src\Aden.SharedKernal\Aden.SharedKernal.csproj", "{B2F83B1F-E1F1-4A92-AC0F-C2E6809D9379}"
EndProject
Global
	GlobalSection(SolutionConfigurationPlatforms) = preSolution
		Debug|Any CPU = Debug|Any CPU
		Release|Any CPU = Release|Any CPU
	EndGlobalSection
	GlobalSection(NestedProjects) = preSolution
		{0798A024-0E63-4093-8868-C56F157930B3} = {7C6CA9F8-7154-464F-B60A-B7C38E63BFF5}
		{63D66623-B01D-460D-A569-9009A70BC459} = {7C6CA9F8-7154-464F-B60A-B7C38E63BFF5}
		{6AC0BF38-61D4-482F-B6A1-20B312CE9E71} = {7C6CA9F8-7154-464F-B60A-B7C38E63BFF5}
		{AE2747D7-4434-4DC2-BAEB-DBEFD8EA99B9} = {7C6CA9F8-7154-464F-B60A-B7C38E63BFF5}
		{B2F83B1F-E1F1-4A92-AC0F-C2E6809D9379} = {7C6CA9F8-7154-464F-B60A-B7C38E63BFF5}
	EndGlobalSection
	GlobalSection(ProjectConfigurationPlatforms) = postSolution
		{0798A024-0E63-4093-8868-C56F157930B3}.Debug|Any CPU.ActiveCfg = Debug|Any CPU
		{0798A024-0E63-4093-8868-C56F157930B3}.Debug|Any CPU.Build.0 = Debug|Any CPU
		{0798A024-0E63-4093-8868-C56F157930B3}.Release|Any CPU.ActiveCfg = Release|Any CPU
		{0798A024-0E63-4093-8868-C56F157930B3}.Release|Any CPU.Build.0 = Release|Any CPU
		{63D66623-B01D-460D-A569-9009A70BC459}.Debug|Any CPU.ActiveCfg = Debug|Any CPU
		{63D66623-B01D-460D-A569-9009A70BC459}.Debug|Any CPU.Build.0 = Debug|Any CPU
		{63D66623-B01D-460D-A569-9009A70BC459}.Release|Any CPU.ActiveCfg = Release|Any CPU
		{63D66623-B01D-460D-A569-9009A70BC459}.Release|Any CPU.Build.0 = Release|Any CPU
		{6AC0BF38-61D4-482F-B6A1-20B312CE9E71}.Debug|Any CPU.ActiveCfg = Debug|Any CPU
		{6AC0BF38-61D4-482F-B6A1-20B312CE9E71}.Debug|Any CPU.Build.0 = Debug|Any CPU
		{6AC0BF38-61D4-482F-B6A1-20B312CE9E71}.Release|Any CPU.ActiveCfg = Release|Any CPU
		{6AC0BF38-61D4-482F-B6A1-20B312CE9E71}.Release|Any CPU.Build.0 = Release|Any CPU
		{AE2747D7-4434-4DC2-BAEB-DBEFD8EA99B9}.Debug|Any CPU.ActiveCfg = Debug|Any CPU
		{AE2747D7-4434-4DC2-BAEB-DBEFD8EA99B9}.Debug|Any CPU.Build.0 = Debug|Any CPU
		{AE2747D7-4434-4DC2-BAEB-DBEFD8EA99B9}.Release|Any CPU.ActiveCfg = Release|Any CPU
		{AE2747D7-4434-4DC2-BAEB-DBEFD8EA99B9}.Release|Any CPU.Build.0 = Release|Any CPU
		{B2F83B1F-E1F1-4A92-AC0F-C2E6809D9379}.Debug|Any CPU.ActiveCfg = Debug|Any CPU
		{B2F83B1F-E1F1-4A92-AC0F-C2E6809D9379}.Debug|Any CPU.Build.0 = Debug|Any CPU
		{B2F83B1F-E1F1-4A92-AC0F-C2E6809D9379}.Release|Any CPU.ActiveCfg = Release|Any CPU
		{B2F83B1F-E1F1-4A92-AC0F-C2E6809D9379}.Release|Any CPU.Build.0 = Release|Any CPU
	EndGlobalSection
EndGlobal
